// !$*UTF8*$!
{
	archiveVersion = 1;
	classes = {
	};
	objectVersion = 50;
	objects = {

/* Begin PBXBuildFile section */
		CDF75C6A20AFD85700CF096F /* AppDelegate.swift in Sources */ = {isa = PBXBuildFile; fileRef = CDF75C6920AFD85700CF096F /* AppDelegate.swift */; };
		CDF75C6C20AFD85700CF096F /* ViewController.swift in Sources */ = {isa = PBXBuildFile; fileRef = CDF75C6B20AFD85700CF096F /* ViewController.swift */; };
		CDF75C6F20AFD85700CF096F /* Main.storyboard in Resources */ = {isa = PBXBuildFile; fileRef = CDF75C6D20AFD85700CF096F /* Main.storyboard */; };
		CDF75C7120AFD85800CF096F /* Assets.xcassets in Resources */ = {isa = PBXBuildFile; fileRef = CDF75C7020AFD85800CF096F /* Assets.xcassets */; };
		CDF75C7420AFD85800CF096F /* LaunchScreen.storyboard in Resources */ = {isa = PBXBuildFile; fileRef = CDF75C7220AFD85800CF096F /* LaunchScreen.storyboard */; };
		CDF75C7F20AFD85800CF096F /* greenthumb_iosTests.swift in Sources */ = {isa = PBXBuildFile; fileRef = CDF75C7E20AFD85800CF096F /* greenthumb_iosTests.swift */; };
		CDF75C8A20AFD85800CF096F /* greenthumb_iosUITests.swift in Sources */ = {isa = PBXBuildFile; fileRef = CDF75C8920AFD85800CF096F /* greenthumb_iosUITests.swift */; };
/* End PBXBuildFile section */

/* Begin PBXContainerItemProxy section */
		CDF75C7B20AFD85800CF096F /* PBXContainerItemProxy */ = {
			isa = PBXContainerItemProxy;
			containerPortal = CDF75C5E20AFD85700CF096F /* Project object */;
			proxyType = 1;
			remoteGlobalIDString = CDF75C6520AFD85700CF096F;
			remoteInfo = "greenthumb-ios";
		};
		CDF75C8620AFD85800CF096F /* PBXContainerItemProxy */ = {
			isa = PBXContainerItemProxy;
			containerPortal = CDF75C5E20AFD85700CF096F /* Project object */;
			proxyType = 1;
			remoteGlobalIDString = CDF75C6520AFD85700CF096F;
			remoteInfo = "greenthumb-ios";
		};
/* End PBXContainerItemProxy section */

/* Begin PBXFileReference section */
		CDF75C6620AFD85700CF096F /* greenthumb-ios.app */ = {isa = PBXFileReference; explicitFileType = wrapper.application; includeInIndex = 0; path = "greenthumb-ios.app"; sourceTree = BUILT_PRODUCTS_DIR; };
		CDF75C6920AFD85700CF096F /* AppDelegate.swift */ = {isa = PBXFileReference; lastKnownFileType = sourcecode.swift; path = AppDelegate.swift; sourceTree = "<group>"; };
		CDF75C6B20AFD85700CF096F /* ViewController.swift */ = {isa = PBXFileReference; lastKnownFileType = sourcecode.swift; path = ViewController.swift; sourceTree = "<group>"; };
		CDF75C6E20AFD85700CF096F /* Base */ = {isa = PBXFileReference; lastKnownFileType = file.storyboard; name = Base; path = Base.lproj/Main.storyboard; sourceTree = "<group>"; };
		CDF75C7020AFD85800CF096F /* Assets.xcassets */ = {isa = PBXFileReference; lastKnownFileType = folder.assetcatalog; path = Assets.xcassets; sourceTree = "<group>"; };
		CDF75C7320AFD85800CF096F /* Base */ = {isa = PBXFileReference; lastKnownFileType = file.storyboard; name = Base; path = Base.lproj/LaunchScreen.storyboard; sourceTree = "<group>"; };
		CDF75C7520AFD85800CF096F /* Info.plist */ = {isa = PBXFileReference; lastKnownFileType = text.plist.xml; path = Info.plist; sourceTree = "<group>"; };
		CDF75C7A20AFD85800CF096F /* greenthumb-iosTests.xctest */ = {isa = PBXFileReference; explicitFileType = wrapper.cfbundle; includeInIndex = 0; path = "greenthumb-iosTests.xctest"; sourceTree = BUILT_PRODUCTS_DIR; };
		CDF75C7E20AFD85800CF096F /* greenthumb_iosTests.swift */ = {isa = PBXFileReference; lastKnownFileType = sourcecode.swift; path = greenthumb_iosTests.swift; sourceTree = "<group>"; };
		CDF75C8020AFD85800CF096F /* Info.plist */ = {isa = PBXFileReference; lastKnownFileType = text.plist.xml; path = Info.plist; sourceTree = "<group>"; };
		CDF75C8520AFD85800CF096F /* greenthumb-iosUITests.xctest */ = {isa = PBXFileReference; explicitFileType = wrapper.cfbundle; includeInIndex = 0; path = "greenthumb-iosUITests.xctest"; sourceTree = BUILT_PRODUCTS_DIR; };
		CDF75C8920AFD85800CF096F /* greenthumb_iosUITests.swift */ = {isa = PBXFileReference; lastKnownFileType = sourcecode.swift; path = greenthumb_iosUITests.swift; sourceTree = "<group>"; };
		CDF75C8B20AFD85800CF096F /* Info.plist */ = {isa = PBXFileReference; lastKnownFileType = text.plist.xml; path = Info.plist; sourceTree = "<group>"; };
/* End PBXFileReference section */

/* Begin PBXFrameworksBuildPhase section */
		CDF75C6320AFD85700CF096F /* Frameworks */ = {
			isa = PBXFrameworksBuildPhase;
			buildActionMask = 2147483647;
			files = (
			);
			runOnlyForDeploymentPostprocessing = 0;
		};
		CDF75C7720AFD85800CF096F /* Frameworks */ = {
			isa = PBXFrameworksBuildPhase;
			buildActionMask = 2147483647;
			files = (
			);
			runOnlyForDeploymentPostprocessing = 0;
		};
		CDF75C8220AFD85800CF096F /* Frameworks */ = {
			isa = PBXFrameworksBuildPhase;
			buildActionMask = 2147483647;
			files = (
			);
			runOnlyForDeploymentPostprocessing = 0;
		};
/* End PBXFrameworksBuildPhase section */

/* Begin PBXGroup section */
		CDF75C5D20AFD85700CF096F = {
			isa = PBXGroup;
			children = (
				CDF75C6820AFD85700CF096F /* greenthumb-ios */,
				CDF75C7D20AFD85800CF096F /* greenthumb-iosTests */,
				CDF75C8820AFD85800CF096F /* greenthumb-iosUITests */,
				CDF75C6720AFD85700CF096F /* Products */,
			);
			sourceTree = "<group>";
		};
		CDF75C6720AFD85700CF096F /* Products */ = {
			isa = PBXGroup;
			children = (
				CDF75C6620AFD85700CF096F /* greenthumb-ios.app */,
				CDF75C7A20AFD85800CF096F /* greenthumb-iosTests.xctest */,
				CDF75C8520AFD85800CF096F /* greenthumb-iosUITests.xctest */,
			);
			name = Products;
			sourceTree = "<group>";
		};
		CDF75C6820AFD85700CF096F /* greenthumb-ios */ = {
			isa = PBXGroup;
			children = (
				CDF75C6920AFD85700CF096F /* AppDelegate.swift */,
				CDF75C6B20AFD85700CF096F /* ViewController.swift */,
				CDF75C6D20AFD85700CF096F /* Main.storyboard */,
				CDF75C7020AFD85800CF096F /* Assets.xcassets */,
				CDF75C7220AFD85800CF096F /* LaunchScreen.storyboard */,
				CDF75C7520AFD85800CF096F /* Info.plist */,
			);
			path = "greenthumb-ios";
			sourceTree = "<group>";
		};
		CDF75C7D20AFD85800CF096F /* greenthumb-iosTests */ = {
			isa = PBXGroup;
			children = (
				CDF75C7E20AFD85800CF096F /* greenthumb_iosTests.swift */,
				CDF75C8020AFD85800CF096F /* Info.plist */,
			);
			path = "greenthumb-iosTests";
			sourceTree = "<group>";
		};
		CDF75C8820AFD85800CF096F /* greenthumb-iosUITests */ = {
			isa = PBXGroup;
			children = (
				CDF75C8920AFD85800CF096F /* greenthumb_iosUITests.swift */,
				CDF75C8B20AFD85800CF096F /* Info.plist */,
			);
			path = "greenthumb-iosUITests";
			sourceTree = "<group>";
		};
/* End PBXGroup section */

/* Begin PBXNativeTarget section */
		CDF75C6520AFD85700CF096F /* greenthumb-ios */ = {
			isa = PBXNativeTarget;
			buildConfigurationList = CDF75C8E20AFD85800CF096F /* Build configuration list for PBXNativeTarget "greenthumb-ios" */;
			buildPhases = (
				CDF75C6220AFD85700CF096F /* Sources */,
				CDF75C6320AFD85700CF096F /* Frameworks */,
				CDF75C6420AFD85700CF096F /* Resources */,
			);
			buildRules = (
			);
			dependencies = (
			);
			name = "greenthumb-ios";
			productName = "greenthumb-ios";
			productReference = CDF75C6620AFD85700CF096F /* greenthumb-ios.app */;
			productType = "com.apple.product-type.application";
		};
		CDF75C7920AFD85800CF096F /* greenthumb-iosTests */ = {
			isa = PBXNativeTarget;
			buildConfigurationList = CDF75C9120AFD85800CF096F /* Build configuration list for PBXNativeTarget "greenthumb-iosTests" */;
			buildPhases = (
				CDF75C7620AFD85800CF096F /* Sources */,
				CDF75C7720AFD85800CF096F /* Frameworks */,
				CDF75C7820AFD85800CF096F /* Resources */,
			);
			buildRules = (
			);
			dependencies = (
				CDF75C7C20AFD85800CF096F /* PBXTargetDependency */,
			);
			name = "greenthumb-iosTests";
			productName = "greenthumb-iosTests";
			productReference = CDF75C7A20AFD85800CF096F /* greenthumb-iosTests.xctest */;
			productType = "com.apple.product-type.bundle.unit-test";
		};
		CDF75C8420AFD85800CF096F /* greenthumb-iosUITests */ = {
			isa = PBXNativeTarget;
			buildConfigurationList = CDF75C9420AFD85800CF096F /* Build configuration list for PBXNativeTarget "greenthumb-iosUITests" */;
			buildPhases = (
				CDF75C8120AFD85800CF096F /* Sources */,
				CDF75C8220AFD85800CF096F /* Frameworks */,
				CDF75C8320AFD85800CF096F /* Resources */,
			);
			buildRules = (
			);
			dependencies = (
				CDF75C8720AFD85800CF096F /* PBXTargetDependency */,
			);
			name = "greenthumb-iosUITests";
			productName = "greenthumb-iosUITests";
			productReference = CDF75C8520AFD85800CF096F /* greenthumb-iosUITests.xctest */;
			productType = "com.apple.product-type.bundle.ui-testing";
		};
/* End PBXNativeTarget section */

/* Begin PBXProject section */
		CDF75C5E20AFD85700CF096F /* Project object */ = {
			isa = PBXProject;
			attributes = {
				LastSwiftUpdateCheck = 0940;
				LastUpgradeCheck = 0940;
				ORGANIZATIONNAME = "Russell Blickhan";
				TargetAttributes = {
					CDF75C6520AFD85700CF096F = {
						CreatedOnToolsVersion = 9.4;
					};
					CDF75C7920AFD85800CF096F = {
						CreatedOnToolsVersion = 9.4;
						TestTargetID = CDF75C6520AFD85700CF096F;
					};
					CDF75C8420AFD85800CF096F = {
						CreatedOnToolsVersion = 9.4;
						TestTargetID = CDF75C6520AFD85700CF096F;
					};
				};
			};
			buildConfigurationList = CDF75C6120AFD85700CF096F /* Build configuration list for PBXProject "greenthumb-ios" */;
			compatibilityVersion = "Xcode 9.3";
			developmentRegion = en;
			hasScannedForEncodings = 0;
			knownRegions = (
				en,
				Base,
			);
			mainGroup = CDF75C5D20AFD85700CF096F;
			productRefGroup = CDF75C6720AFD85700CF096F /* Products */;
			projectDirPath = "";
			projectRoot = "";
			targets = (
				CDF75C6520AFD85700CF096F /* greenthumb-ios */,
				CDF75C7920AFD85800CF096F /* greenthumb-iosTests */,
				CDF75C8420AFD85800CF096F /* greenthumb-iosUITests */,
			);
		};
/* End PBXProject section */

/* Begin PBXResourcesBuildPhase section */
		CDF75C6420AFD85700CF096F /* Resources */ = {
			isa = PBXResourcesBuildPhase;
			buildActionMask = 2147483647;
			files = (
				CDF75C7420AFD85800CF096F /* LaunchScreen.storyboard in Resources */,
				CDF75C7120AFD85800CF096F /* Assets.xcassets in Resources */,
				CDF75C6F20AFD85700CF096F /* Main.storyboard in Resources */,
			);
			runOnlyForDeploymentPostprocessing = 0;
		};
		CDF75C7820AFD85800CF096F /* Resources */ = {
			isa = PBXResourcesBuildPhase;
			buildActionMask = 2147483647;
			files = (
			);
			runOnlyForDeploymentPostprocessing = 0;
		};
		CDF75C8320AFD85800CF096F /* Resources */ = {
			isa = PBXResourcesBuildPhase;
			buildActionMask = 2147483647;
			files = (
			);
			runOnlyForDeploymentPostprocessing = 0;
		};
/* End PBXResourcesBuildPhase section */

/* Begin PBXSourcesBuildPhase section */
		CDF75C6220AFD85700CF096F /* Sources */ = {
			isa = PBXSourcesBuildPhase;
			buildActionMask = 2147483647;
			files = (
				CDF75C6C20AFD85700CF096F /* ViewController.swift in Sources */,
				CDF75C6A20AFD85700CF096F /* AppDelegate.swift in Sources */,
			);
			runOnlyForDeploymentPostprocessing = 0;
		};
		CDF75C7620AFD85800CF096F /* Sources */ = {
			isa = PBXSourcesBuildPhase;
			buildActionMask = 2147483647;
			files = (
				CDF75C7F20AFD85800CF096F /* greenthumb_iosTests.swift in Sources */,
			);
			runOnlyForDeploymentPostprocessing = 0;
		};
		CDF75C8120AFD85800CF096F /* Sources */ = {
			isa = PBXSourcesBuildPhase;
			buildActionMask = 2147483647;
			files = (
				CDF75C8A20AFD85800CF096F /* greenthumb_iosUITests.swift in Sources */,
			);
			runOnlyForDeploymentPostprocessing = 0;
		};
/* End PBXSourcesBuildPhase section */

/* Begin PBXTargetDependency section */
		CDF75C7C20AFD85800CF096F /* PBXTargetDependency */ = {
			isa = PBXTargetDependency;
			target = CDF75C6520AFD85700CF096F /* greenthumb-ios */;
			targetProxy = CDF75C7B20AFD85800CF096F /* PBXContainerItemProxy */;
		};
		CDF75C8720AFD85800CF096F /* PBXTargetDependency */ = {
			isa = PBXTargetDependency;
			target = CDF75C6520AFD85700CF096F /* greenthumb-ios */;
			targetProxy = CDF75C8620AFD85800CF096F /* PBXContainerItemProxy */;
		};
/* End PBXTargetDependency section */

/* Begin PBXVariantGroup section */
		CDF75C6D20AFD85700CF096F /* Main.storyboard */ = {
			isa = PBXVariantGroup;
			children = (
				CDF75C6E20AFD85700CF096F /* Base */,
			);
			name = Main.storyboard;
			sourceTree = "<group>";
		};
		CDF75C7220AFD85800CF096F /* LaunchScreen.storyboard */ = {
			isa = PBXVariantGroup;
			children = (
				CDF75C7320AFD85800CF096F /* Base */,
			);
			name = LaunchScreen.storyboard;
			sourceTree = "<group>";
		};
/* End PBXVariantGroup section */

/* Begin XCBuildConfiguration section */
		CDF75C8C20AFD85800CF096F /* Debug */ = {
			isa = XCBuildConfiguration;
			buildSettings = {
				ALWAYS_SEARCH_USER_PATHS = NO;
				CLANG_ANALYZER_NONNULL = YES;
				CLANG_ANALYZER_NUMBER_OBJECT_CONVERSION = YES_AGGRESSIVE;
				CLANG_CXX_LANGUAGE_STANDARD = "gnu++14";
				CLANG_CXX_LIBRARY = "libc++";
				CLANG_ENABLE_MODULES = YES;
				CLANG_ENABLE_OBJC_ARC = YES;
				CLANG_ENABLE_OBJC_WEAK = YES;
				CLANG_WARN_BLOCK_CAPTURE_AUTORELEASING = YES;
				CLANG_WARN_BOOL_CONVERSION = YES;
				CLANG_WARN_COMMA = YES;
				CLANG_WARN_CONSTANT_CONVERSION = YES;
				CLANG_WARN_DEPRECATED_OBJC_IMPLEMENTATIONS = YES;
				CLANG_WARN_DIRECT_OBJC_ISA_USAGE = YES_ERROR;
				CLANG_WARN_DOCUMENTATION_COMMENTS = YES;
				CLANG_WARN_EMPTY_BODY = YES;
				CLANG_WARN_ENUM_CONVERSION = YES;
				CLANG_WARN_INFINITE_RECURSION = YES;
				CLANG_WARN_INT_CONVERSION = YES;
				CLANG_WARN_NON_LITERAL_NULL_CONVERSION = YES;
				CLANG_WARN_OBJC_IMPLICIT_RETAIN_SELF = YES;
				CLANG_WARN_OBJC_LITERAL_CONVERSION = YES;
				CLANG_WARN_OBJC_ROOT_CLASS = YES_ERROR;
				CLANG_WARN_RANGE_LOOP_ANALYSIS = YES;
				CLANG_WARN_STRICT_PROTOTYPES = YES;
				CLANG_WARN_SUSPICIOUS_MOVE = YES;
				CLANG_WARN_UNGUARDED_AVAILABILITY = YES_AGGRESSIVE;
				CLANG_WARN_UNREACHABLE_CODE = YES;
				CLANG_WARN__DUPLICATE_METHOD_MATCH = YES;
				CODE_SIGN_IDENTITY = "iPhone Developer";
				COPY_PHASE_STRIP = NO;
				DEBUG_INFORMATION_FORMAT = dwarf;
				ENABLE_STRICT_OBJC_MSGSEND = YES;
				ENABLE_TESTABILITY = YES;
				GCC_C_LANGUAGE_STANDARD = gnu11;
				GCC_DYNAMIC_NO_PIC = NO;
				GCC_NO_COMMON_BLOCKS = YES;
				GCC_OPTIMIZATION_LEVEL = 0;
				GCC_PREPROCESSOR_DEFINITIONS = (
					"DEBUG=1",
					"$(inherited)",
				);
				GCC_WARN_64_TO_32_BIT_CONVERSION = YES;
				GCC_WARN_ABOUT_RETURN_TYPE = YES_ERROR;
				GCC_WARN_UNDECLARED_SELECTOR = YES;
				GCC_WARN_UNINITIALIZED_AUTOS = YES_AGGRESSIVE;
				GCC_WARN_UNUSED_FUNCTION = YES;
				GCC_WARN_UNUSED_VARIABLE = YES;
				IPHONEOS_DEPLOYMENT_TARGET = 11.4;
				MTL_ENABLE_DEBUG_INFO = YES;
				ONLY_ACTIVE_ARCH = YES;
				SDKROOT = iphoneos;
				SWIFT_ACTIVE_COMPILATION_CONDITIONS = DEBUG;
				SWIFT_OPTIMIZATION_LEVEL = "-Onone";
			};
			name = Debug;
		};
		CDF75C8D20AFD85800CF096F /* Release */ = {
			isa = XCBuildConfiguration;
			buildSettings = {
				ALWAYS_SEARCH_USER_PATHS = NO;
				CLANG_ANALYZER_NONNULL = YES;
				CLANG_ANALYZER_NUMBER_OBJECT_CONVERSION = YES_AGGRESSIVE;
				CLANG_CXX_LANGUAGE_STANDARD = "gnu++14";
				CLANG_CXX_LIBRARY = "libc++";
				CLANG_ENABLE_MODULES = YES;
				CLANG_ENABLE_OBJC_ARC = YES;
				CLANG_ENABLE_OBJC_WEAK = YES;
				CLANG_WARN_BLOCK_CAPTURE_AUTORELEASING = YES;
				CLANG_WARN_BOOL_CONVERSION = YES;
				CLANG_WARN_COMMA = YES;
				CLANG_WARN_CONSTANT_CONVERSION = YES;
				CLANG_WARN_DEPRECATED_OBJC_IMPLEMENTATIONS = YES;
				CLANG_WARN_DIRECT_OBJC_ISA_USAGE = YES_ERROR;
				CLANG_WARN_DOCUMENTATION_COMMENTS = YES;
				CLANG_WARN_EMPTY_BODY = YES;
				CLANG_WARN_ENUM_CONVERSION = YES;
				CLANG_WARN_INFINITE_RECURSION = YES;
				CLANG_WARN_INT_CONVERSION = YES;
				CLANG_WARN_NON_LITERAL_NULL_CONVERSION = YES;
				CLANG_WARN_OBJC_IMPLICIT_RETAIN_SELF = YES;
				CLANG_WARN_OBJC_LITERAL_CONVERSION = YES;
				CLANG_WARN_OBJC_ROOT_CLASS = YES_ERROR;
				CLANG_WARN_RANGE_LOOP_ANALYSIS = YES;
				CLANG_WARN_STRICT_PROTOTYPES = YES;
				CLANG_WARN_SUSPICIOUS_MOVE = YES;
				CLANG_WARN_UNGUARDED_AVAILABILITY = YES_AGGRESSIVE;
				CLANG_WARN_UNREACHABLE_CODE = YES;
				CLANG_WARN__DUPLICATE_METHOD_MATCH = YES;
				CODE_SIGN_IDENTITY = "iPhone Developer";
				COPY_PHASE_STRIP = NO;
				DEBUG_INFORMATION_FORMAT = "dwarf-with-dsym";
				ENABLE_NS_ASSERTIONS = NO;
				ENABLE_STRICT_OBJC_MSGSEND = YES;
				GCC_C_LANGUAGE_STANDARD = gnu11;
				GCC_NO_COMMON_BLOCKS = YES;
				GCC_WARN_64_TO_32_BIT_CONVERSION = YES;
				GCC_WARN_ABOUT_RETURN_TYPE = YES_ERROR;
				GCC_WARN_UNDECLARED_SELECTOR = YES;
				GCC_WARN_UNINITIALIZED_AUTOS = YES_AGGRESSIVE;
				GCC_WARN_UNUSED_FUNCTION = YES;
				GCC_WARN_UNUSED_VARIABLE = YES;
				IPHONEOS_DEPLOYMENT_TARGET = 11.4;
				MTL_ENABLE_DEBUG_INFO = NO;
				SDKROOT = iphoneos;
				SWIFT_COMPILATION_MODE = wholemodule;
				SWIFT_OPTIMIZATION_LEVEL = "-O";
				VALIDATE_PRODUCT = YES;
			};
			name = Release;
		};
		CDF75C8F20AFD85800CF096F /* Debug */ = {
			isa = XCBuildConfiguration;
			buildSettings = {
				ASSETCATALOG_COMPILER_APPICON_NAME = AppIcon;
				CODE_SIGN_STYLE = Automatic;
				DEVELOPMENT_TEAM = C436KHVHT4;
				INFOPLIST_FILE = "greenthumb-ios/Info.plist";
				LD_RUNPATH_SEARCH_PATHS = (
					"$(inherited)",
					"@executable_path/Frameworks",
				);
				PRODUCT_BUNDLE_IDENTIFIER = "org.rwblickhan.greenthumb-ios";
				PRODUCT_NAME = "$(TARGET_NAME)";
				SWIFT_VERSION = 4.0;
				TARGETED_DEVICE_FAMILY = "1,2";
			};
			name = Debug;
		};
		CDF75C9020AFD85800CF096F /* Release */ = {
			isa = XCBuildConfiguration;
			buildSettings = {
				ASSETCATALOG_COMPILER_APPICON_NAME = AppIcon;
				CODE_SIGN_STYLE = Automatic;
				DEVELOPMENT_TEAM = C436KHVHT4;
				INFOPLIST_FILE = "greenthumb-ios/Info.plist";
				LD_RUNPATH_SEARCH_PATHS = (
					"$(inherited)",
					"@executable_path/Frameworks",
				);
				PRODUCT_BUNDLE_IDENTIFIER = "org.rwblickhan.greenthumb-ios";
				PRODUCT_NAME = "$(TARGET_NAME)";
				SWIFT_VERSION = 4.0;
				TARGETED_DEVICE_FAMILY = "1,2";
			};
			name = Release;
		};
		CDF75C9220AFD85800CF096F /* Debug */ = {
			isa = XCBuildConfiguration;
			buildSettings = {
				ALWAYS_EMBED_SWIFT_STANDARD_LIBRARIES = YES;
				BUNDLE_LOADER = "$(TEST_HOST)";
				CODE_SIGN_STYLE = Automatic;
				DEVELOPMENT_TEAM = C436KHVHT4;
				INFOPLIST_FILE = "greenthumb-iosTests/Info.plist";
				LD_RUNPATH_SEARCH_PATHS = (
					"$(inherited)",
					"@executable_path/Frameworks",
					"@loader_path/Frameworks",
				);
				PRODUCT_BUNDLE_IDENTIFIER = "org.rwblickhan.greenthumb-iosTests";
				PRODUCT_NAME = "$(TARGET_NAME)";
				SWIFT_VERSION = 4.0;
				TARGETED_DEVICE_FAMILY = "1,2";
				TEST_HOST = "$(BUILT_PRODUCTS_DIR)/greenthumb-ios.app/greenthumb-ios";
			};
			name = Debug;
		};
		CDF75C9320AFD85800CF096F /* Release */ = {
			isa = XCBuildConfiguration;
			buildSettings = {
				ALWAYS_EMBED_SWIFT_STANDARD_LIBRARIES = YES;
				BUNDLE_LOADER = "$(TEST_HOST)";
				CODE_SIGN_STYLE = Automatic;
				DEVELOPMENT_TEAM = C436KHVHT4;
				INFOPLIST_FILE = "greenthumb-iosTests/Info.plist";
				LD_RUNPATH_SEARCH_PATHS = (
					"$(inherited)",
					"@executable_path/Frameworks",
					"@loader_path/Frameworks",
				);
				PRODUCT_BUNDLE_IDENTIFIER = "org.rwblickhan.greenthumb-iosTests";
				PRODUCT_NAME = "$(TARGET_NAME)";
				SWIFT_VERSION = 4.0;
				TARGETED_DEVICE_FAMILY = "1,2";
				TEST_HOST = "$(BUILT_PRODUCTS_DIR)/greenthumb-ios.app/greenthumb-ios";
			};
			name = Release;
		};
		CDF75C9520AFD85800CF096F /* Debug */ = {
			isa = XCBuildConfiguration;
			buildSettings = {
				ALWAYS_EMBED_SWIFT_STANDARD_LIBRARIES = YES;
				CODE_SIGN_STYLE = Automatic;
				DEVELOPMENT_TEAM = C436KHVHT4;
				INFOPLIST_FILE = "greenthumb-iosUITests/Info.plist";
				LD_RUNPATH_SEARCH_PATHS = (
					"$(inherited)",
					"@executable_path/Frameworks",
					"@loader_path/Frameworks",
				);
				PRODUCT_BUNDLE_IDENTIFIER = "org.rwblickhan.greenthumb-iosUITests";
				PRODUCT_NAME = "$(TARGET_NAME)";
				SWIFT_VERSION = 4.0;
				TARGETED_DEVICE_FAMILY = "1,2";
				TEST_TARGET_NAME = "greenthumb-ios";
			};
			name = Debug;
		};
		CDF75C9620AFD85800CF096F /* Release */ = {
			isa = XCBuildConfiguration;
			buildSettings = {
				ALWAYS_EMBED_SWIFT_STANDARD_LIBRARIES = YES;
				CODE_SIGN_STYLE = Automatic;
				DEVELOPMENT_TEAM = C436KHVHT4;
				INFOPLIST_FILE = "greenthumb-iosUITests/Info.plist";
				LD_RUNPATH_SEARCH_PATHS = (
					"$(inherited)",
					"@executable_path/Frameworks",
					"@loader_path/Frameworks",
				);
				PRODUCT_BUNDLE_IDENTIFIER = "org.rwblickhan.greenthumb-iosUITests";
				PRODUCT_NAME = "$(TARGET_NAME)";
				SWIFT_VERSION = 4.0;
				TARGETED_DEVICE_FAMILY = "1,2";
				TEST_TARGET_NAME = "greenthumb-ios";
			};
			name = Release;
		};
/* End XCBuildConfiguration section */

/* Begin XCConfigurationList section */
		CDF75C6120AFD85700CF096F /* Build configuration list for PBXProject "greenthumb-ios" */ = {
			isa = XCConfigurationList;
			buildConfigurations = (
				CDF75C8C20AFD85800CF096F /* Debug */,
				CDF75C8D20AFD85800CF096F /* Release */,
			);
			defaultConfigurationIsVisible = 0;
			defaultConfigurationName = Release;
		};
		CDF75C8E20AFD85800CF096F /* Build configuration list for PBXNativeTarget "greenthumb-ios" */ = {
			isa = XCConfigurationList;
			buildConfigurations = (
				CDF75C8F20AFD85800CF096F /* Debug */,
				CDF75C9020AFD85800CF096F /* Release */,
			);
			defaultConfigurationIsVisible = 0;
			defaultConfigurationName = Release;
		};
		CDF75C9120AFD85800CF096F /* Build configuration list for PBXNativeTarget "greenthumb-iosTests" */ = {
			isa = XCConfigurationList;
			buildConfigurations = (
				CDF75C9220AFD85800CF096F /* Debug */,
				CDF75C9320AFD85800CF096F /* Release */,
			);
			defaultConfigurationIsVisible = 0;
			defaultConfigurationName = Release;
		};
		CDF75C9420AFD85800CF096F /* Build configuration list for PBXNativeTarget "greenthumb-iosUITests" */ = {
			isa = XCConfigurationList;
			buildConfigurations = (
				CDF75C9520AFD85800CF096F /* Debug */,
				CDF75C9620AFD85800CF096F /* Release */,
			);
			defaultConfigurationIsVisible = 0;
			defaultConfigurationName = Release;
		};
/* End XCConfigurationList section */
	};
	rootObject = CDF75C5E20AFD85700CF096F /* Project object */;
}
